// !$*UTF8*$!
{
	archiveVersion = 1;
	classes = {
	};
	objectVersion = 46;
	objects = {

/* Begin PBXBuildFile section */
		FAD9A638194B873B00E17D60 /* Foundation.framework in Frameworks */ = {isa = PBXBuildFile; fileRef = FAD9A637194B873B00E17D60 /* Foundation.framework */; };
		FAD9A63A194B873B00E17D60 /* CoreGraphics.framework in Frameworks */ = {isa = PBXBuildFile; fileRef = FAD9A639194B873B00E17D60 /* CoreGraphics.framework */; };
		FAD9A63C194B873B00E17D60 /* UIKit.framework in Frameworks */ = {isa = PBXBuildFile; fileRef = FAD9A63B194B873B00E17D60 /* UIKit.framework */; };
		FAD9A642194B873B00E17D60 /* InfoPlist.strings in Resources */ = {isa = PBXBuildFile; fileRef = FAD9A640194B873B00E17D60 /* InfoPlist.strings */; };
		FAD9A644194B873B00E17D60 /* main.m in Sources */ = {isa = PBXBuildFile; fileRef = FAD9A643194B873B00E17D60 /* main.m */; };
		FAD9A648194B873B00E17D60 /* SPAppDelegate.m in Sources */ = {isa = PBXBuildFile; fileRef = FAD9A647194B873B00E17D60 /* SPAppDelegate.m */; };
		FAD9A64B194B873B00E17D60 /* Main.storyboard in Resources */ = {isa = PBXBuildFile; fileRef = FAD9A649194B873B00E17D60 /* Main.storyboard */; };
		FAD9A64E194B873B00E17D60 /* SPMasterViewController.m in Sources */ = {isa = PBXBuildFile; fileRef = FAD9A64D194B873B00E17D60 /* SPMasterViewController.m */; };
		FAD9A651194B873C00E17D60 /* SPDetailViewController.m in Sources */ = {isa = PBXBuildFile; fileRef = FAD9A650194B873C00E17D60 /* SPDetailViewController.m */; };
		FAD9A653194B873C00E17D60 /* Images.xcassets in Resources */ = {isa = PBXBuildFile; fileRef = FAD9A652194B873C00E17D60 /* Images.xcassets */; };
		FAD9A65A194B873C00E17D60 /* XCTest.framework in Frameworks */ = {isa = PBXBuildFile; fileRef = FAD9A659194B873C00E17D60 /* XCTest.framework */; };
		FAD9A65B194B873C00E17D60 /* Foundation.framework in Frameworks */ = {isa = PBXBuildFile; fileRef = FAD9A637194B873B00E17D60 /* Foundation.framework */; };
		FAD9A65C194B873C00E17D60 /* UIKit.framework in Frameworks */ = {isa = PBXBuildFile; fileRef = FAD9A63B194B873B00E17D60 /* UIKit.framework */; };
		FAD9A664194B873C00E17D60 /* InfoPlist.strings in Resources */ = {isa = PBXBuildFile; fileRef = FAD9A662194B873C00E17D60 /* InfoPlist.strings */; };
		FAD9A666194B873C00E17D60 /* SPChartDemoTests.m in Sources */ = {isa = PBXBuildFile; fileRef = FAD9A665194B873C00E17D60 /* SPChartDemoTests.m */; };
		FAD9A6B5194B881200E17D60 /* SPBar.m in Sources */ = {isa = PBXBuildFile; fileRef = FAD9A69C194B881200E17D60 /* SPBar.m */; };
		FAD9A6B6194B881200E17D60 /* SPBarChart.m in Sources */ = {isa = PBXBuildFile; fileRef = FAD9A69E194B881200E17D60 /* SPBarChart.m */; };
		FAD9A6B7194B881200E17D60 /* SPBarChartData.m in Sources */ = {isa = PBXBuildFile; fileRef = FAD9A6A0194B881200E17D60 /* SPBarChartData.m */; };
		FAD9A6B8194B881200E17D60 /* SPSourcesLegendView.m in Sources */ = {isa = PBXBuildFile; fileRef = FAD9A6A3194B881200E17D60 /* SPSourcesLegendView.m */; };
		FAD9A6B9194B881200E17D60 /* PNLineChart.m in Sources */ = {isa = PBXBuildFile; fileRef = FAD9A6A6194B881200E17D60 /* PNLineChart.m */; };
		FAD9A6BA194B881200E17D60 /* PNLineChartData.m in Sources */ = {isa = PBXBuildFile; fileRef = FAD9A6A8194B881200E17D60 /* PNLineChartData.m */; };
		FAD9A6BB194B881200E17D60 /* PNLineChartDataItem.m in Sources */ = {isa = PBXBuildFile; fileRef = FAD9A6AA194B881200E17D60 /* PNLineChartDataItem.m */; };
		FAD9A6BC194B881200E17D60 /* SPPieChart.m in Sources */ = {isa = PBXBuildFile; fileRef = FAD9A6AD194B881200E17D60 /* SPPieChart.m */; };
		FAD9A6BD194B881200E17D60 /* SPPieChartData.m in Sources */ = {isa = PBXBuildFile; fileRef = FAD9A6AF194B881200E17D60 /* SPPieChartData.m */; };
		FAD9A6BE194B881200E17D60 /* SPChartPopup.m in Sources */ = {isa = PBXBuildFile; fileRef = FAD9A6B2194B881200E17D60 /* SPChartPopup.m */; };
/* End PBXBuildFile section */

/* Begin PBXContainerItemProxy section */
		FAD9A65D194B873C00E17D60 /* PBXContainerItemProxy */ = {
			isa = PBXContainerItemProxy;
			containerPortal = FAD9A62C194B873B00E17D60 /* Project object */;
			proxyType = 1;
			remoteGlobalIDString = FAD9A633194B873B00E17D60;
			remoteInfo = SPChartDemo;
		};
/* End PBXContainerItemProxy section */

/* Begin PBXFileReference section */
		D1CDA13C3EBB49648467EA69 /* libPods.a */ = {isa = PBXFileReference; explicitFileType = archive.ar; includeInIndex = 0; path = libPods.a; sourceTree = BUILT_PRODUCTS_DIR; };
		FAD9A634194B873B00E17D60 /* SPChartDemo.app */ = {isa = PBXFileReference; explicitFileType = wrapper.application; includeInIndex = 0; path = SPChartDemo.app; sourceTree = BUILT_PRODUCTS_DIR; };
		FAD9A637194B873B00E17D60 /* Foundation.framework */ = {isa = PBXFileReference; lastKnownFileType = wrapper.framework; name = Foundation.framework; path = System/Library/Frameworks/Foundation.framework; sourceTree = SDKROOT; };
		FAD9A639194B873B00E17D60 /* CoreGraphics.framework */ = {isa = PBXFileReference; lastKnownFileType = wrapper.framework; name = CoreGraphics.framework; path = System/Library/Frameworks/CoreGraphics.framework; sourceTree = SDKROOT; };
		FAD9A63B194B873B00E17D60 /* UIKit.framework */ = {isa = PBXFileReference; lastKnownFileType = wrapper.framework; name = UIKit.framework; path = System/Library/Frameworks/UIKit.framework; sourceTree = SDKROOT; };
		FAD9A63F194B873B00E17D60 /* SPChartDemo-Info.plist */ = {isa = PBXFileReference; lastKnownFileType = text.plist.xml; path = "SPChartDemo-Info.plist"; sourceTree = "<group>"; };
		FAD9A641194B873B00E17D60 /* en */ = {isa = PBXFileReference; lastKnownFileType = text.plist.strings; name = en; path = en.lproj/InfoPlist.strings; sourceTree = "<group>"; };
		FAD9A643194B873B00E17D60 /* main.m */ = {isa = PBXFileReference; lastKnownFileType = sourcecode.c.objc; path = main.m; sourceTree = "<group>"; };
		FAD9A645194B873B00E17D60 /* SPChartDemo-Prefix.pch */ = {isa = PBXFileReference; lastKnownFileType = sourcecode.c.h; path = "SPChartDemo-Prefix.pch"; sourceTree = "<group>"; };
		FAD9A646194B873B00E17D60 /* SPAppDelegate.h */ = {isa = PBXFileReference; lastKnownFileType = sourcecode.c.h; path = SPAppDelegate.h; sourceTree = "<group>"; };
		FAD9A647194B873B00E17D60 /* SPAppDelegate.m */ = {isa = PBXFileReference; lastKnownFileType = sourcecode.c.objc; path = SPAppDelegate.m; sourceTree = "<group>"; };
		FAD9A64A194B873B00E17D60 /* Base */ = {isa = PBXFileReference; lastKnownFileType = file.storyboard; name = Base; path = Base.lproj/Main.storyboard; sourceTree = "<group>"; };
		FAD9A64C194B873B00E17D60 /* SPMasterViewController.h */ = {isa = PBXFileReference; lastKnownFileType = sourcecode.c.h; path = SPMasterViewController.h; sourceTree = "<group>"; };
		FAD9A64D194B873B00E17D60 /* SPMasterViewController.m */ = {isa = PBXFileReference; lastKnownFileType = sourcecode.c.objc; path = SPMasterViewController.m; sourceTree = "<group>"; };
		FAD9A64F194B873B00E17D60 /* SPDetailViewController.h */ = {isa = PBXFileReference; lastKnownFileType = sourcecode.c.h; path = SPDetailViewController.h; sourceTree = "<group>"; };
		FAD9A650194B873C00E17D60 /* SPDetailViewController.m */ = {isa = PBXFileReference; lastKnownFileType = sourcecode.c.objc; path = SPDetailViewController.m; sourceTree = "<group>"; };
		FAD9A652194B873C00E17D60 /* Images.xcassets */ = {isa = PBXFileReference; lastKnownFileType = folder.assetcatalog; path = Images.xcassets; sourceTree = "<group>"; };
		FAD9A658194B873C00E17D60 /* SPChartDemoTests.xctest */ = {isa = PBXFileReference; explicitFileType = wrapper.cfbundle; includeInIndex = 0; path = SPChartDemoTests.xctest; sourceTree = BUILT_PRODUCTS_DIR; };
		FAD9A659194B873C00E17D60 /* XCTest.framework */ = {isa = PBXFileReference; lastKnownFileType = wrapper.framework; name = XCTest.framework; path = Library/Frameworks/XCTest.framework; sourceTree = DEVELOPER_DIR; };
		FAD9A661194B873C00E17D60 /* SPChartDemoTests-Info.plist */ = {isa = PBXFileReference; lastKnownFileType = text.plist.xml; path = "SPChartDemoTests-Info.plist"; sourceTree = "<group>"; };
		FAD9A663194B873C00E17D60 /* en */ = {isa = PBXFileReference; lastKnownFileType = text.plist.strings; name = en; path = en.lproj/InfoPlist.strings; sourceTree = "<group>"; };
		FAD9A665194B873C00E17D60 /* SPChartDemoTests.m */ = {isa = PBXFileReference; lastKnownFileType = sourcecode.c.objc; path = SPChartDemoTests.m; sourceTree = "<group>"; };
		FAD9A69B194B881200E17D60 /* SPBar.h */ = {isa = PBXFileReference; fileEncoding = 4; lastKnownFileType = sourcecode.c.h; path = SPBar.h; sourceTree = "<group>"; };
		FAD9A69C194B881200E17D60 /* SPBar.m */ = {isa = PBXFileReference; fileEncoding = 4; lastKnownFileType = sourcecode.c.objc; path = SPBar.m; sourceTree = "<group>"; };
		FAD9A69D194B881200E17D60 /* SPBarChart.h */ = {isa = PBXFileReference; fileEncoding = 4; lastKnownFileType = sourcecode.c.h; path = SPBarChart.h; sourceTree = "<group>"; };
		FAD9A69E194B881200E17D60 /* SPBarChart.m */ = {isa = PBXFileReference; fileEncoding = 4; lastKnownFileType = sourcecode.c.objc; path = SPBarChart.m; sourceTree = "<group>"; };
		FAD9A69F194B881200E17D60 /* SPBarChartData.h */ = {isa = PBXFileReference; fileEncoding = 4; lastKnownFileType = sourcecode.c.h; path = SPBarChartData.h; sourceTree = "<group>"; };
		FAD9A6A0194B881200E17D60 /* SPBarChartData.m */ = {isa = PBXFileReference; fileEncoding = 4; lastKnownFileType = sourcecode.c.objc; path = SPBarChartData.m; sourceTree = "<group>"; };
		FAD9A6A2194B881200E17D60 /* SPSourcesLegendView.h */ = {isa = PBXFileReference; fileEncoding = 4; lastKnownFileType = sourcecode.c.h; path = SPSourcesLegendView.h; sourceTree = "<group>"; };
		FAD9A6A3194B881200E17D60 /* SPSourcesLegendView.m */ = {isa = PBXFileReference; fileEncoding = 4; lastKnownFileType = sourcecode.c.objc; path = SPSourcesLegendView.m; sourceTree = "<group>"; };
		FAD9A6A5194B881200E17D60 /* PNLineChart.h */ = {isa = PBXFileReference; fileEncoding = 4; lastKnownFileType = sourcecode.c.h; path = PNLineChart.h; sourceTree = "<group>"; };
		FAD9A6A6194B881200E17D60 /* PNLineChart.m */ = {isa = PBXFileReference; fileEncoding = 4; lastKnownFileType = sourcecode.c.objc; path = PNLineChart.m; sourceTree = "<group>"; };
		FAD9A6A7194B881200E17D60 /* PNLineChartData.h */ = {isa = PBXFileReference; fileEncoding = 4; lastKnownFileType = sourcecode.c.h; path = PNLineChartData.h; sourceTree = "<group>"; };
		FAD9A6A8194B881200E17D60 /* PNLineChartData.m */ = {isa = PBXFileReference; fileEncoding = 4; lastKnownFileType = sourcecode.c.objc; path = PNLineChartData.m; sourceTree = "<group>"; };
		FAD9A6A9194B881200E17D60 /* PNLineChartDataItem.h */ = {isa = PBXFileReference; fileEncoding = 4; lastKnownFileType = sourcecode.c.h; path = PNLineChartDataItem.h; sourceTree = "<group>"; };
		FAD9A6AA194B881200E17D60 /* PNLineChartDataItem.m */ = {isa = PBXFileReference; fileEncoding = 4; lastKnownFileType = sourcecode.c.objc; path = PNLineChartDataItem.m; sourceTree = "<group>"; };
		FAD9A6AC194B881200E17D60 /* SPPieChart.h */ = {isa = PBXFileReference; fileEncoding = 4; lastKnownFileType = sourcecode.c.h; path = SPPieChart.h; sourceTree = "<group>"; };
		FAD9A6AD194B881200E17D60 /* SPPieChart.m */ = {isa = PBXFileReference; fileEncoding = 4; lastKnownFileType = sourcecode.c.objc; path = SPPieChart.m; sourceTree = "<group>"; };
		FAD9A6AE194B881200E17D60 /* SPPieChartData.h */ = {isa = PBXFileReference; fileEncoding = 4; lastKnownFileType = sourcecode.c.h; path = SPPieChartData.h; sourceTree = "<group>"; };
		FAD9A6AF194B881200E17D60 /* SPPieChartData.m */ = {isa = PBXFileReference; fileEncoding = 4; lastKnownFileType = sourcecode.c.objc; path = SPPieChartData.m; sourceTree = "<group>"; };
		FAD9A6B1194B881200E17D60 /* SPChartPopup.h */ = {isa = PBXFileReference; fileEncoding = 4; lastKnownFileType = sourcecode.c.h; path = SPChartPopup.h; sourceTree = "<group>"; };
		FAD9A6B2194B881200E17D60 /* SPChartPopup.m */ = {isa = PBXFileReference; fileEncoding = 4; lastKnownFileType = sourcecode.c.objc; path = SPChartPopup.m; sourceTree = "<group>"; };
		FAD9A6B3194B881200E17D60 /* SPChart.h */ = {isa = PBXFileReference; fileEncoding = 4; lastKnownFileType = sourcecode.c.h; path = SPChart.h; sourceTree = "<group>"; };
		FAD9A6B4194B881200E17D60 /* SPChartDelegate.h */ = {isa = PBXFileReference; fileEncoding = 4; lastKnownFileType = sourcecode.c.h; path = SPChartDelegate.h; sourceTree = "<group>"; };
/* End PBXFileReference section */

/* Begin PBXFrameworksBuildPhase section */
		FAD9A631194B873B00E17D60 /* Frameworks */ = {
			isa = PBXFrameworksBuildPhase;
			buildActionMask = 2147483647;
			files = (
				FAD9A63A194B873B00E17D60 /* CoreGraphics.framework in Frameworks */,
				FAD9A63C194B873B00E17D60 /* UIKit.framework in Frameworks */,
				FAD9A638194B873B00E17D60 /* Foundation.framework in Frameworks */,
			);
			runOnlyForDeploymentPostprocessing = 0;
		};
		FAD9A655194B873C00E17D60 /* Frameworks */ = {
			isa = PBXFrameworksBuildPhase;
			buildActionMask = 2147483647;
			files = (
				FAD9A65A194B873C00E17D60 /* XCTest.framework in Frameworks */,
				FAD9A65C194B873C00E17D60 /* UIKit.framework in Frameworks */,
				FAD9A65B194B873C00E17D60 /* Foundation.framework in Frameworks */,
			);
			runOnlyForDeploymentPostprocessing = 0;
		};
/* End PBXFrameworksBuildPhase section */

/* Begin PBXGroup section */
		FAD9A62B194B873B00E17D60 = {
			isa = PBXGroup;
			children = (
				FAD9A699194B881200E17D60 /* SPChart */,
				FAD9A63D194B873B00E17D60 /* SPChartDemo */,
				FAD9A65F194B873C00E17D60 /* SPChartDemoTests */,
				FAD9A636194B873B00E17D60 /* Frameworks */,
				FAD9A635194B873B00E17D60 /* Products */,
			);
			sourceTree = "<group>";
		};
		FAD9A635194B873B00E17D60 /* Products */ = {
			isa = PBXGroup;
			children = (
				FAD9A634194B873B00E17D60 /* SPChartDemo.app */,
				FAD9A658194B873C00E17D60 /* SPChartDemoTests.xctest */,
			);
			name = Products;
			sourceTree = "<group>";
		};
		FAD9A636194B873B00E17D60 /* Frameworks */ = {
			isa = PBXGroup;
			children = (
				FAD9A637194B873B00E17D60 /* Foundation.framework */,
				FAD9A639194B873B00E17D60 /* CoreGraphics.framework */,
				FAD9A63B194B873B00E17D60 /* UIKit.framework */,
				FAD9A659194B873C00E17D60 /* XCTest.framework */,
				D1CDA13C3EBB49648467EA69 /* libPods.a */,
			);
			name = Frameworks;
			sourceTree = "<group>";
		};
		FAD9A63D194B873B00E17D60 /* SPChartDemo */ = {
			isa = PBXGroup;
			children = (
				FAD9A646194B873B00E17D60 /* SPAppDelegate.h */,
				FAD9A647194B873B00E17D60 /* SPAppDelegate.m */,
				FAD9A649194B873B00E17D60 /* Main.storyboard */,
				FAD9A64C194B873B00E17D60 /* SPMasterViewController.h */,
				FAD9A64D194B873B00E17D60 /* SPMasterViewController.m */,
				FAD9A64F194B873B00E17D60 /* SPDetailViewController.h */,
				FAD9A650194B873C00E17D60 /* SPDetailViewController.m */,
				FAD9A652194B873C00E17D60 /* Images.xcassets */,
				FAD9A63E194B873B00E17D60 /* Supporting Files */,
			);
			path = SPChartDemo;
			sourceTree = "<group>";
		};
		FAD9A63E194B873B00E17D60 /* Supporting Files */ = {
			isa = PBXGroup;
			children = (
				FAD9A63F194B873B00E17D60 /* SPChartDemo-Info.plist */,
				FAD9A640194B873B00E17D60 /* InfoPlist.strings */,
				FAD9A643194B873B00E17D60 /* main.m */,
				FAD9A645194B873B00E17D60 /* SPChartDemo-Prefix.pch */,
			);
			name = "Supporting Files";
			sourceTree = "<group>";
		};
		FAD9A65F194B873C00E17D60 /* SPChartDemoTests */ = {
			isa = PBXGroup;
			children = (
				FAD9A665194B873C00E17D60 /* SPChartDemoTests.m */,
				FAD9A660194B873C00E17D60 /* Supporting Files */,
			);
			path = SPChartDemoTests;
			sourceTree = "<group>";
		};
		FAD9A660194B873C00E17D60 /* Supporting Files */ = {
			isa = PBXGroup;
			children = (
				FAD9A661194B873C00E17D60 /* SPChartDemoTests-Info.plist */,
				FAD9A662194B873C00E17D60 /* InfoPlist.strings */,
			);
			name = "Supporting Files";
			sourceTree = "<group>";
		};
		FAD9A699194B881200E17D60 /* SPChart */ = {
			isa = PBXGroup;
			children = (
				FAD9A69A194B881200E17D60 /* BarChart */,
				FAD9A6A1194B881200E17D60 /* Legend */,
				FAD9A6A4194B881200E17D60 /* LineChart */,
				FAD9A6AB194B881200E17D60 /* PieChart */,
				FAD9A6B0194B881200E17D60 /* Popup */,
				FAD9A6B3194B881200E17D60 /* SPChart.h */,
				FAD9A6B4194B881200E17D60 /* SPChartDelegate.h */,
			);
			path = SPChart;
			sourceTree = "<group>";
		};
		FAD9A69A194B881200E17D60 /* BarChart */ = {
			isa = PBXGroup;
			children = (
				FAD9A69B194B881200E17D60 /* SPBar.h */,
				FAD9A69C194B881200E17D60 /* SPBar.m */,
				FAD9A69D194B881200E17D60 /* SPBarChart.h */,
				FAD9A69E194B881200E17D60 /* SPBarChart.m */,
				FAD9A69F194B881200E17D60 /* SPBarChartData.h */,
				FAD9A6A0194B881200E17D60 /* SPBarChartData.m */,
			);
			path = BarChart;
			sourceTree = "<group>";
		};
		FAD9A6A1194B881200E17D60 /* Legend */ = {
			isa = PBXGroup;
			children = (
				FAD9A6A2194B881200E17D60 /* SPSourcesLegendView.h */,
				FAD9A6A3194B881200E17D60 /* SPSourcesLegendView.m */,
			);
			path = Legend;
			sourceTree = "<group>";
		};
		FAD9A6A4194B881200E17D60 /* LineChart */ = {
			isa = PBXGroup;
			children = (
				FAD9A6A5194B881200E17D60 /* PNLineChart.h */,
				FAD9A6A6194B881200E17D60 /* PNLineChart.m */,
				FAD9A6A7194B881200E17D60 /* PNLineChartData.h */,
				FAD9A6A8194B881200E17D60 /* PNLineChartData.m */,
				FAD9A6A9194B881200E17D60 /* PNLineChartDataItem.h */,
				FAD9A6AA194B881200E17D60 /* PNLineChartDataItem.m */,
			);
			path = LineChart;
			sourceTree = "<group>";
		};
		FAD9A6AB194B881200E17D60 /* PieChart */ = {
			isa = PBXGroup;
			children = (
				FAD9A6AC194B881200E17D60 /* SPPieChart.h */,
				FAD9A6AD194B881200E17D60 /* SPPieChart.m */,
				FAD9A6AE194B881200E17D60 /* SPPieChartData.h */,
				FAD9A6AF194B881200E17D60 /* SPPieChartData.m */,
			);
			path = PieChart;
			sourceTree = "<group>";
		};
		FAD9A6B0194B881200E17D60 /* Popup */ = {
			isa = PBXGroup;
			children = (
				FAD9A6B1194B881200E17D60 /* SPChartPopup.h */,
				FAD9A6B2194B881200E17D60 /* SPChartPopup.m */,
			);
			path = Popup;
			sourceTree = "<group>";
		};
/* End PBXGroup section */

/* Begin PBXNativeTarget section */
		FAD9A633194B873B00E17D60 /* SPChartDemo */ = {
			isa = PBXNativeTarget;
			buildConfigurationList = FAD9A669194B873C00E17D60 /* Build configuration list for PBXNativeTarget "SPChartDemo" */;
			buildPhases = (
				FAD9A630194B873B00E17D60 /* Sources */,
				FAD9A631194B873B00E17D60 /* Frameworks */,
				FAD9A632194B873B00E17D60 /* Resources */,
			);
			buildRules = (
			);
			dependencies = (
			);
			name = SPChartDemo;
			productName = SPChartDemo;
			productReference = FAD9A634194B873B00E17D60 /* SPChartDemo.app */;
			productType = "com.apple.product-type.application";
		};
		FAD9A657194B873C00E17D60 /* SPChartDemoTests */ = {
			isa = PBXNativeTarget;
			buildConfigurationList = FAD9A66C194B873C00E17D60 /* Build configuration list for PBXNativeTarget "SPChartDemoTests" */;
			buildPhases = (
				FAD9A654194B873C00E17D60 /* Sources */,
				FAD9A655194B873C00E17D60 /* Frameworks */,
				FAD9A656194B873C00E17D60 /* Resources */,
			);
			buildRules = (
			);
			dependencies = (
				FAD9A65E194B873C00E17D60 /* PBXTargetDependency */,
			);
			name = SPChartDemoTests;
			productName = SPChartDemoTests;
			productReference = FAD9A658194B873C00E17D60 /* SPChartDemoTests.xctest */;
			productType = "com.apple.product-type.bundle.unit-test";
		};
/* End PBXNativeTarget section */

/* Begin PBXProject section */
		FAD9A62C194B873B00E17D60 /* Project object */ = {
			isa = PBXProject;
			attributes = {
				CLASSPREFIX = SP;
				LastUpgradeCheck = 0510;
				ORGANIZATIONNAME = "Alessandro Calzavara";
				TargetAttributes = {
					FAD9A657194B873C00E17D60 = {
						TestTargetID = FAD9A633194B873B00E17D60;
					};
				};
			};
			buildConfigurationList = FAD9A62F194B873B00E17D60 /* Build configuration list for PBXProject "SPChartDemo" */;
			compatibilityVersion = "Xcode 3.2";
			developmentRegion = English;
			hasScannedForEncodings = 0;
			knownRegions = (
				en,
				Base,
			);
			mainGroup = FAD9A62B194B873B00E17D60;
			productRefGroup = FAD9A635194B873B00E17D60 /* Products */;
			projectDirPath = "";
			projectRoot = "";
			targets = (
				FAD9A633194B873B00E17D60 /* SPChartDemo */,
				FAD9A657194B873C00E17D60 /* SPChartDemoTests */,
			);
		};
/* End PBXProject section */

/* Begin PBXResourcesBuildPhase section */
		FAD9A632194B873B00E17D60 /* Resources */ = {
			isa = PBXResourcesBuildPhase;
			buildActionMask = 2147483647;
			files = (
				FAD9A653194B873C00E17D60 /* Images.xcassets in Resources */,
				FAD9A642194B873B00E17D60 /* InfoPlist.strings in Resources */,
				FAD9A64B194B873B00E17D60 /* Main.storyboard in Resources */,
			);
			runOnlyForDeploymentPostprocessing = 0;
		};
		FAD9A656194B873C00E17D60 /* Resources */ = {
			isa = PBXResourcesBuildPhase;
			buildActionMask = 2147483647;
			files = (
				FAD9A664194B873C00E17D60 /* InfoPlist.strings in Resources */,
			);
			runOnlyForDeploymentPostprocessing = 0;
		};
/* End PBXResourcesBuildPhase section */

/* Begin PBXSourcesBuildPhase section */
		FAD9A630194B873B00E17D60 /* Sources */ = {
			isa = PBXSourcesBuildPhase;
			buildActionMask = 2147483647;
			files = (
				FAD9A651194B873C00E17D60 /* SPDetailViewController.m in Sources */,
				FAD9A6B8194B881200E17D60 /* SPSourcesLegendView.m in Sources */,
				FAD9A644194B873B00E17D60 /* main.m in Sources */,
				FAD9A6BD194B881200E17D60 /* SPPieChartData.m in Sources */,
				FAD9A6BE194B881200E17D60 /* SPChartPopup.m in Sources */,
				FAD9A648194B873B00E17D60 /* SPAppDelegate.m in Sources */,
				FAD9A64E194B873B00E17D60 /* SPMasterViewController.m in Sources */,
				FAD9A6B5194B881200E17D60 /* SPBar.m in Sources */,
				FAD9A6B7194B881200E17D60 /* SPBarChartData.m in Sources */,
				FAD9A6B6194B881200E17D60 /* SPBarChart.m in Sources */,
				FAD9A6BB194B881200E17D60 /* PNLineChartDataItem.m in Sources */,
				FAD9A6BC194B881200E17D60 /* SPPieChart.m in Sources */,
				FAD9A6BA194B881200E17D60 /* PNLineChartData.m in Sources */,
				FAD9A6B9194B881200E17D60 /* PNLineChart.m in Sources */,
			);
			runOnlyForDeploymentPostprocessing = 0;
		};
		FAD9A654194B873C00E17D60 /* Sources */ = {
			isa = PBXSourcesBuildPhase;
			buildActionMask = 2147483647;
			files = (
				FAD9A666194B873C00E17D60 /* SPChartDemoTests.m in Sources */,
			);
			runOnlyForDeploymentPostprocessing = 0;
		};
/* End PBXSourcesBuildPhase section */

/* Begin PBXTargetDependency section */
		FAD9A65E194B873C00E17D60 /* PBXTargetDependency */ = {
			isa = PBXTargetDependency;
			target = FAD9A633194B873B00E17D60 /* SPChartDemo */;
			targetProxy = FAD9A65D194B873C00E17D60 /* PBXContainerItemProxy */;
		};
/* End PBXTargetDependency section */

/* Begin PBXVariantGroup section */
		FAD9A640194B873B00E17D60 /* InfoPlist.strings */ = {
			isa = PBXVariantGroup;
			children = (
				FAD9A641194B873B00E17D60 /* en */,
			);
			name = InfoPlist.strings;
			sourceTree = "<group>";
		};
		FAD9A649194B873B00E17D60 /* Main.storyboard */ = {
			isa = PBXVariantGroup;
			children = (
				FAD9A64A194B873B00E17D60 /* Base */,
			);
			name = Main.storyboard;
			sourceTree = "<group>";
		};
		FAD9A662194B873C00E17D60 /* InfoPlist.strings */ = {
			isa = PBXVariantGroup;
			children = (
				FAD9A663194B873C00E17D60 /* en */,
			);
			name = InfoPlist.strings;
			sourceTree = "<group>";
		};
/* End PBXVariantGroup section */

/* Begin XCBuildConfiguration section */
		FAD9A667194B873C00E17D60 /* Debug */ = {
			isa = XCBuildConfiguration;
			buildSettings = {
				ALWAYS_SEARCH_USER_PATHS = NO;
				CLANG_CXX_LANGUAGE_STANDARD = "gnu++0x";
				CLANG_CXX_LIBRARY = "libc++";
				CLANG_ENABLE_MODULES = YES;
				CLANG_ENABLE_OBJC_ARC = YES;
				CLANG_WARN_BOOL_CONVERSION = YES;
				CLANG_WARN_CONSTANT_CONVERSION = YES;
				CLANG_WARN_DIRECT_OBJC_ISA_USAGE = YES_ERROR;
				CLANG_WARN_EMPTY_BODY = YES;
				CLANG_WARN_ENUM_CONVERSION = YES;
				CLANG_WARN_INT_CONVERSION = YES;
				CLANG_WARN_OBJC_ROOT_CLASS = YES_ERROR;
				CLANG_WARN__DUPLICATE_METHOD_MATCH = YES;
				"CODE_SIGN_IDENTITY[sdk=iphoneos*]" = "iPhone Developer";
				COPY_PHASE_STRIP = NO;
				GCC_C_LANGUAGE_STANDARD = gnu99;
				GCC_DYNAMIC_NO_PIC = NO;
				GCC_OPTIMIZATION_LEVEL = 0;
				GCC_PREPROCESSOR_DEFINITIONS = (
					"DEBUG=1",
					"$(inherited)",
				);
				GCC_SYMBOLS_PRIVATE_EXTERN = NO;
				GCC_WARN_64_TO_32_BIT_CONVERSION = YES;
				GCC_WARN_ABOUT_RETURN_TYPE = YES_ERROR;
				GCC_WARN_UNDECLARED_SELECTOR = YES;
				GCC_WARN_UNINITIALIZED_AUTOS = YES_AGGRESSIVE;
				GCC_WARN_UNUSED_FUNCTION = YES;
				GCC_WARN_UNUSED_VARIABLE = YES;
				IPHONEOS_DEPLOYMENT_TARGET = 7.1;
				ONLY_ACTIVE_ARCH = YES;
				SDKROOT = iphoneos;
			};
			name = Debug;
		};
		FAD9A668194B873C00E17D60 /* Release */ = {
			isa = XCBuildConfiguration;
			buildSettings = {
				ALWAYS_SEARCH_USER_PATHS = NO;
				CLANG_CXX_LANGUAGE_STANDARD = "gnu++0x";
				CLANG_CXX_LIBRARY = "libc++";
				CLANG_ENABLE_MODULES = YES;
				CLANG_ENABLE_OBJC_ARC = YES;
				CLANG_WARN_BOOL_CONVERSION = YES;
				CLANG_WARN_CONSTANT_CONVERSION = YES;
				CLANG_WARN_DIRECT_OBJC_ISA_USAGE = YES_ERROR;
				CLANG_WARN_EMPTY_BODY = YES;
				CLANG_WARN_ENUM_CONVERSION = YES;
				CLANG_WARN_INT_CONVERSION = YES;
				CLANG_WARN_OBJC_ROOT_CLASS = YES_ERROR;
				CLANG_WARN__DUPLICATE_METHOD_MATCH = YES;
				"CODE_SIGN_IDENTITY[sdk=iphoneos*]" = "iPhone Developer";
				COPY_PHASE_STRIP = YES;
				ENABLE_NS_ASSERTIONS = NO;
				GCC_C_LANGUAGE_STANDARD = gnu99;
				GCC_WARN_64_TO_32_BIT_CONVERSION = YES;
				GCC_WARN_ABOUT_RETURN_TYPE = YES_ERROR;
				GCC_WARN_UNDECLARED_SELECTOR = YES;
				GCC_WARN_UNINITIALIZED_AUTOS = YES_AGGRESSIVE;
				GCC_WARN_UNUSED_FUNCTION = YES;
				GCC_WARN_UNUSED_VARIABLE = YES;
				IPHONEOS_DEPLOYMENT_TARGET = 7.1;
				SDKROOT = iphoneos;
				VALIDATE_PRODUCT = YES;
			};
			name = Release;
		};
		FAD9A66A194B873C00E17D60 /* Debug */ = {
			isa = XCBuildConfiguration;
			buildSettings = {
				ASSETCATALOG_COMPILER_APPICON_NAME = AppIcon;
				ASSETCATALOG_COMPILER_LAUNCHIMAGE_NAME = LaunchImage;
				GCC_PRECOMPILE_PREFIX_HEADER = YES;
				GCC_PREFIX_HEADER = "SPChartDemo/SPChartDemo-Prefix.pch";
				INFOPLIST_FILE = "SPChartDemo/SPChartDemo-Info.plist";
				PRODUCT_NAME = "$(TARGET_NAME)";
				WRAPPER_EXTENSION = app;
			};
			name = Debug;
		};
		FAD9A66B194B873C00E17D60 /* Release */ = {
			isa = XCBuildConfiguration;
			buildSettings = {
				ASSETCATALOG_COMPILER_APPICON_NAME = AppIcon;
				ASSETCATALOG_COMPILER_LAUNCHIMAGE_NAME = LaunchImage;
				GCC_PRECOMPILE_PREFIX_HEADER = YES;
				GCC_PREFIX_HEADER = "SPChartDemo/SPChartDemo-Prefix.pch";
				INFOPLIST_FILE = "SPChartDemo/SPChartDemo-Info.plist";
				PRODUCT_NAME = "$(TARGET_NAME)";
				WRAPPER_EXTENSION = app;
			};
			name = Release;
		};
		FAD9A66D194B873C00E17D60 /* Debug */ = {
			isa = XCBuildConfiguration;
			buildSettings = {
				BUNDLE_LOADER = "$(BUILT_PRODUCTS_DIR)/SPChartDemo.app/SPChartDemo";
				FRAMEWORK_SEARCH_PATHS = (
					"$(SDKROOT)/Developer/Library/Frameworks",
					"$(inherited)",
					"$(DEVELOPER_FRAMEWORKS_DIR)",
				);
				GCC_PRECOMPILE_PREFIX_HEADER = YES;
				GCC_PREFIX_HEADER = "SPChartDemo/SPChartDemo-Prefix.pch";
				GCC_PREPROCESSOR_DEFINITIONS = (
					"DEBUG=1",
					"$(inherited)",
				);
				INFOPLIST_FILE = "SPChartDemoTests/SPChartDemoTests-Info.plist";
				PRODUCT_NAME = "$(TARGET_NAME)";
				TEST_HOST = "$(BUNDLE_LOADER)";
				WRAPPER_EXTENSION = xctest;
			};
			name = Debug;
		};
		FAD9A66E194B873C00E17D60 /* Release */ = {
			isa = XCBuildConfiguration;
			buildSettings = {
				BUNDLE_LOADER = "$(BUILT_PRODUCTS_DIR)/SPChartDemo.app/SPChartDemo";
				FRAMEWORK_SEARCH_PATHS = (
					"$(SDKROOT)/Developer/Library/Frameworks",
					"$(inherited)",
					"$(DEVELOPER_FRAMEWORKS_DIR)",
				);
				GCC_PRECOMPILE_PREFIX_HEADER = YES;
				GCC_PREFIX_HEADER = "SPChartDemo/SPChartDemo-Prefix.pch";
				INFOPLIST_FILE = "SPChartDemoTests/SPChartDemoTests-Info.plist";
				PRODUCT_NAME = "$(TARGET_NAME)";
				TEST_HOST = "$(BUNDLE_LOADER)";
				WRAPPER_EXTENSION = xctest;
			};
			name = Release;
		};
/* End XCBuildConfiguration section */

/* Begin XCConfigurationList section */
		FAD9A62F194B873B00E17D60 /* Build configuration list for PBXProject "SPChartDemo" */ = {
			isa = XCConfigurationList;
			buildConfigurations = (
				FAD9A667194B873C00E17D60 /* Debug */,
				FAD9A668194B873C00E17D60 /* Release */,
			);
			defaultConfigurationIsVisible = 0;
			defaultConfigurationName = Release;
		};
		FAD9A669194B873C00E17D60 /* Build configuration list for PBXNativeTarget "SPChartDemo" */ = {
			isa = XCConfigurationList;
			buildConfigurations = (
				FAD9A66A194B873C00E17D60 /* Debug */,
				FAD9A66B194B873C00E17D60 /* Release */,
			);
			defaultConfigurationIsVisible = 0;
			defaultConfigurationName = Release;
		};
		FAD9A66C194B873C00E17D60 /* Build configuration list for PBXNativeTarget "SPChartDemoTests" */ = {
			isa = XCConfigurationList;
			buildConfigurations = (
				FAD9A66D194B873C00E17D60 /* Debug */,
				FAD9A66E194B873C00E17D60 /* Release */,
			);
			defaultConfigurationIsVisible = 0;
			defaultConfigurationName = Release;
		};
/* End XCConfigurationList section */
	};
	rootObject = FAD9A62C194B873B00E17D60 /* Project object */;
}
